// !$*UTF8*$!
{
	archiveVersion = 1;
	classes = {
	};
	objectVersion = 46;
	objects = {

/* Begin PBXBuildFile section */
		D920812D1EBA9C85003833DC /* sprites.atlas in Resources */ = {isa = PBXBuildFile; fileRef = D920812C1EBA9C85003833DC /* sprites.atlas */; };
		D920812F1EBBC16A003833DC /* ninja.wav in Resources */ = {isa = PBXBuildFile; fileRef = D920812E1EBBC16A003833DC /* ninja.wav */; };
		D9A6FB591EAD4E430039A983 /* AppDelegate.swift in Sources */ = {isa = PBXBuildFile; fileRef = D9A6FB581EAD4E430039A983 /* AppDelegate.swift */; };
		D9A6FB5F1EAD4E430039A983 /* GameScene.swift in Sources */ = {isa = PBXBuildFile; fileRef = D9A6FB5E1EAD4E430039A983 /* GameScene.swift */; };
		D9A6FB611EAD4E430039A983 /* GameViewController.swift in Sources */ = {isa = PBXBuildFile; fileRef = D9A6FB601EAD4E430039A983 /* GameViewController.swift */; };
		D9A6FB641EAD4E430039A983 /* Main.storyboard in Resources */ = {isa = PBXBuildFile; fileRef = D9A6FB621EAD4E430039A983 /* Main.storyboard */; };
		D9A6FB661EAD4E430039A983 /* Assets.xcassets in Resources */ = {isa = PBXBuildFile; fileRef = D9A6FB651EAD4E430039A983 /* Assets.xcassets */; };
		D9A6FB691EAD4E430039A983 /* LaunchScreen.storyboard in Resources */ = {isa = PBXBuildFile; fileRef = D9A6FB671EAD4E430039A983 /* LaunchScreen.storyboard */; };
		D9A6FBC01EAFF2C50039A983 /* PlayerEntity.swift in Sources */ = {isa = PBXBuildFile; fileRef = D9A6FBBF1EAFF2C50039A983 /* PlayerEntity.swift */; };
		D9A6FBC21EAFF35B0039A983 /* SpriteComponent.swift in Sources */ = {isa = PBXBuildFile; fileRef = D9A6FBC11EAFF35B0039A983 /* SpriteComponent.swift */; };
		D9A6FBC41EAFF7DF0039A983 /* MovementComponent.swift in Sources */ = {isa = PBXBuildFile; fileRef = D9A6FBC31EAFF7DF0039A983 /* MovementComponent.swift */; };
		D9A6FBC61EB054350039A983 /* ObstacleEntity.swift in Sources */ = {isa = PBXBuildFile; fileRef = D9A6FBC51EB054350039A983 /* ObstacleEntity.swift */; };
		D9A6FBC91EB1380F0039A983 /* PlayingState.swift in Sources */ = {isa = PBXBuildFile; fileRef = D9A6FBC81EB1380F0039A983 /* PlayingState.swift */; };
		D9A6FBCB1EB1381E0039A983 /* FallingState.swift in Sources */ = {isa = PBXBuildFile; fileRef = D9A6FBCA1EB1381E0039A983 /* FallingState.swift */; };
		D9A6FBCD1EB138510039A983 /* GaveOverState.swift in Sources */ = {isa = PBXBuildFile; fileRef = D9A6FBCC1EB138510039A983 /* GaveOverState.swift */; };
		D9A6FBDC1EB14C770039A983 /* coin.wav in Resources */ = {isa = PBXBuildFile; fileRef = D9A6FBD41EB14C770039A983 /* coin.wav */; };
		D9A6FBDD1EB14C770039A983 /* ding.wav in Resources */ = {isa = PBXBuildFile; fileRef = D9A6FBD51EB14C770039A983 /* ding.wav */; };
		D9A6FBDE1EB14C770039A983 /* falling.wav in Resources */ = {isa = PBXBuildFile; fileRef = D9A6FBD61EB14C770039A983 /* falling.wav */; };
		D9A6FBDF1EB14C770039A983 /* flapping.wav in Resources */ = {isa = PBXBuildFile; fileRef = D9A6FBD71EB14C770039A983 /* flapping.wav */; };
		D9A6FBE01EB14C770039A983 /* hitGround.wav in Resources */ = {isa = PBXBuildFile; fileRef = D9A6FBD81EB14C770039A983 /* hitGround.wav */; };
		D9A6FBE11EB14C770039A983 /* pop.wav in Resources */ = {isa = PBXBuildFile; fileRef = D9A6FBD91EB14C770039A983 /* pop.wav */; };
		D9A6FBE21EB14C770039A983 /* whack.wav in Resources */ = {isa = PBXBuildFile; fileRef = D9A6FBDA1EB14C770039A983 /* whack.wav */; };
		D9A6FBEF1EB14D4C0039A983 /* CGFloat+Extensions.swift in Sources */ = {isa = PBXBuildFile; fileRef = D9A6FBE31EB14D4C0039A983 /* CGFloat+Extensions.swift */; };
		D9A6FBF01EB14D4C0039A983 /* CGPoint+Extensions.swift in Sources */ = {isa = PBXBuildFile; fileRef = D9A6FBE41EB14D4C0039A983 /* CGPoint+Extensions.swift */; };
		D9A6FBF11EB14D4C0039A983 /* CGVector+Extensions.swift in Sources */ = {isa = PBXBuildFile; fileRef = D9A6FBE51EB14D4C0039A983 /* CGVector+Extensions.swift */; };
		D9A6FBF21EB14D4C0039A983 /* Int+Extensions.swift in Sources */ = {isa = PBXBuildFile; fileRef = D9A6FBE61EB14D4C0039A983 /* Int+Extensions.swift */; };
		D9A6FBF31EB14D4C0039A983 /* SKAction+Extensions.swift in Sources */ = {isa = PBXBuildFile; fileRef = D9A6FBE71EB14D4C0039A983 /* SKAction+Extensions.swift */; };
		D9A6FBF41EB14D4C0039A983 /* SKAction+SpecialEffects.swift in Sources */ = {isa = PBXBuildFile; fileRef = D9A6FBE81EB14D4C0039A983 /* SKAction+SpecialEffects.swift */; };
		D9A6FBF51EB14D4C0039A983 /* SKColor+Extensions.swift in Sources */ = {isa = PBXBuildFile; fileRef = D9A6FBE91EB14D4C0039A983 /* SKColor+Extensions.swift */; };
		D9A6FBF61EB14D4C0039A983 /* SKNode+Extensions.swift in Sources */ = {isa = PBXBuildFile; fileRef = D9A6FBEA1EB14D4C0039A983 /* SKNode+Extensions.swift */; };
		D9A6FBF71EB14D4C0039A983 /* SKTAudio.swift in Sources */ = {isa = PBXBuildFile; fileRef = D9A6FBEB1EB14D4C0039A983 /* SKTAudio.swift */; };
		D9A6FBF81EB14D4C0039A983 /* SKTEffects.swift in Sources */ = {isa = PBXBuildFile; fileRef = D9A6FBEC1EB14D4C0039A983 /* SKTEffects.swift */; };
		D9A6FBF91EB14D4C0039A983 /* SKTTimingFunctions.swift in Sources */ = {isa = PBXBuildFile; fileRef = D9A6FBED1EB14D4C0039A983 /* SKTTimingFunctions.swift */; };
		D9A6FBFA1EB14D4C0039A983 /* Vector3.swift in Sources */ = {isa = PBXBuildFile; fileRef = D9A6FBEE1EB14D4C0039A983 /* Vector3.swift */; };
		D9A6FBFC1EB15ADE0039A983 /* MainMenuState.swift in Sources */ = {isa = PBXBuildFile; fileRef = D9A6FBFB1EB15ADE0039A983 /* MainMenuState.swift */; };
		D9A6FBFE1EB15AEF0039A983 /* TutorialState.swift in Sources */ = {isa = PBXBuildFile; fileRef = D9A6FBFD1EB15AEF0039A983 /* TutorialState.swift */; };
		D9A6FC001EB3B4EA0039A983 /* AnimationComponent.swift in Sources */ = {isa = PBXBuildFile; fileRef = D9A6FBFF1EB3B4EA0039A983 /* AnimationComponent.swift */; };
		D9A6FC021EB797500039A983 /* StarComponent.swift in Sources */ = {isa = PBXBuildFile; fileRef = D9A6FC011EB797500039A983 /* StarComponent.swift */; };
		D9A6FC041EB7E4870039A983 /* epic.wav in Resources */ = {isa = PBXBuildFile; fileRef = D9A6FC031EB7E4870039A983 /* epic.wav */; };
		D9A6FC061EB7F5C10039A983 /* StarEntity.swift in Sources */ = {isa = PBXBuildFile; fileRef = D9A6FC051EB7F5C10039A983 /* StarEntity.swift */; };
		D9A6FC081EB820310039A983 /* MusicPlayerComponent.swift in Sources */ = {isa = PBXBuildFile; fileRef = D9A6FC071EB820310039A983 /* MusicPlayerComponent.swift */; };
/* End PBXBuildFile section */

/* Begin PBXFileReference section */
		D920812C1EBA9C85003833DC /* sprites.atlas */ = {isa = PBXFileReference; lastKnownFileType = folder.skatlas; name = sprites.atlas; path = Resources/Artwork/sprites.atlas; sourceTree = "<group>"; };
		D920812E1EBBC16A003833DC /* ninja.wav */ = {isa = PBXFileReference; lastKnownFileType = audio.wav; path = ninja.wav; sourceTree = "<group>"; };
		D9A6FB551EAD4E430039A983 /* JetPackHero.app */ = {isa = PBXFileReference; explicitFileType = wrapper.application; includeInIndex = 0; path = JetPackHero.app; sourceTree = BUILT_PRODUCTS_DIR; };
		D9A6FB581EAD4E430039A983 /* AppDelegate.swift */ = {isa = PBXFileReference; lastKnownFileType = sourcecode.swift; path = AppDelegate.swift; sourceTree = "<group>"; };
		D9A6FB5E1EAD4E430039A983 /* GameScene.swift */ = {isa = PBXFileReference; lastKnownFileType = sourcecode.swift; path = GameScene.swift; sourceTree = "<group>"; };
		D9A6FB601EAD4E430039A983 /* GameViewController.swift */ = {isa = PBXFileReference; lastKnownFileType = sourcecode.swift; path = GameViewController.swift; sourceTree = "<group>"; };
		D9A6FB631EAD4E430039A983 /* Base */ = {isa = PBXFileReference; lastKnownFileType = file.storyboard; name = Base; path = Base.lproj/Main.storyboard; sourceTree = "<group>"; };
		D9A6FB651EAD4E430039A983 /* Assets.xcassets */ = {isa = PBXFileReference; lastKnownFileType = folder.assetcatalog; path = Assets.xcassets; sourceTree = "<group>"; };
		D9A6FB681EAD4E430039A983 /* Base */ = {isa = PBXFileReference; lastKnownFileType = file.storyboard; name = Base; path = Base.lproj/LaunchScreen.storyboard; sourceTree = "<group>"; };
		D9A6FB6A1EAD4E430039A983 /* Info.plist */ = {isa = PBXFileReference; lastKnownFileType = text.plist.xml; path = Info.plist; sourceTree = "<group>"; };
		D9A6FBBF1EAFF2C50039A983 /* PlayerEntity.swift */ = {isa = PBXFileReference; fileEncoding = 4; lastKnownFileType = sourcecode.swift; path = PlayerEntity.swift; sourceTree = "<group>"; };
		D9A6FBC11EAFF35B0039A983 /* SpriteComponent.swift */ = {isa = PBXFileReference; fileEncoding = 4; lastKnownFileType = sourcecode.swift; path = SpriteComponent.swift; sourceTree = "<group>"; };
		D9A6FBC31EAFF7DF0039A983 /* MovementComponent.swift */ = {isa = PBXFileReference; fileEncoding = 4; lastKnownFileType = sourcecode.swift; path = MovementComponent.swift; sourceTree = "<group>"; };
		D9A6FBC51EB054350039A983 /* ObstacleEntity.swift */ = {isa = PBXFileReference; fileEncoding = 4; lastKnownFileType = sourcecode.swift; path = ObstacleEntity.swift; sourceTree = "<group>"; };
		D9A6FBC81EB1380F0039A983 /* PlayingState.swift */ = {isa = PBXFileReference; fileEncoding = 4; lastKnownFileType = sourcecode.swift; path = PlayingState.swift; sourceTree = "<group>"; };
		D9A6FBCA1EB1381E0039A983 /* FallingState.swift */ = {isa = PBXFileReference; fileEncoding = 4; lastKnownFileType = sourcecode.swift; path = FallingState.swift; sourceTree = "<group>"; };
		D9A6FBCC1EB138510039A983 /* GaveOverState.swift */ = {isa = PBXFileReference; fileEncoding = 4; lastKnownFileType = sourcecode.swift; path = GaveOverState.swift; sourceTree = "<group>"; };
		D9A6FBD41EB14C770039A983 /* coin.wav */ = {isa = PBXFileReference; lastKnownFileType = audio.wav; path = coin.wav; sourceTree = "<group>"; };
		D9A6FBD51EB14C770039A983 /* ding.wav */ = {isa = PBXFileReference; lastKnownFileType = audio.wav; path = ding.wav; sourceTree = "<group>"; };
		D9A6FBD61EB14C770039A983 /* falling.wav */ = {isa = PBXFileReference; lastKnownFileType = audio.wav; path = falling.wav; sourceTree = "<group>"; };
		D9A6FBD71EB14C770039A983 /* flapping.wav */ = {isa = PBXFileReference; lastKnownFileType = audio.wav; path = flapping.wav; sourceTree = "<group>"; };
		D9A6FBD81EB14C770039A983 /* hitGround.wav */ = {isa = PBXFileReference; lastKnownFileType = audio.wav; path = hitGround.wav; sourceTree = "<group>"; };
		D9A6FBD91EB14C770039A983 /* pop.wav */ = {isa = PBXFileReference; lastKnownFileType = audio.wav; path = pop.wav; sourceTree = "<group>"; };
		D9A6FBDA1EB14C770039A983 /* whack.wav */ = {isa = PBXFileReference; lastKnownFileType = audio.wav; path = whack.wav; sourceTree = "<group>"; };
		D9A6FBE31EB14D4C0039A983 /* CGFloat+Extensions.swift */ = {isa = PBXFileReference; fileEncoding = 4; lastKnownFileType = sourcecode.swift; path = "CGFloat+Extensions.swift"; sourceTree = "<group>"; };
		D9A6FBE41EB14D4C0039A983 /* CGPoint+Extensions.swift */ = {isa = PBXFileReference; fileEncoding = 4; lastKnownFileType = sourcecode.swift; path = "CGPoint+Extensions.swift"; sourceTree = "<group>"; };
		D9A6FBE51EB14D4C0039A983 /* CGVector+Extensions.swift */ = {isa = PBXFileReference; fileEncoding = 4; lastKnownFileType = sourcecode.swift; path = "CGVector+Extensions.swift"; sourceTree = "<group>"; };
		D9A6FBE61EB14D4C0039A983 /* Int+Extensions.swift */ = {isa = PBXFileReference; fileEncoding = 4; lastKnownFileType = sourcecode.swift; path = "Int+Extensions.swift"; sourceTree = "<group>"; };
		D9A6FBE71EB14D4C0039A983 /* SKAction+Extensions.swift */ = {isa = PBXFileReference; fileEncoding = 4; lastKnownFileType = sourcecode.swift; path = "SKAction+Extensions.swift"; sourceTree = "<group>"; };
		D9A6FBE81EB14D4C0039A983 /* SKAction+SpecialEffects.swift */ = {isa = PBXFileReference; fileEncoding = 4; lastKnownFileType = sourcecode.swift; path = "SKAction+SpecialEffects.swift"; sourceTree = "<group>"; };
		D9A6FBE91EB14D4C0039A983 /* SKColor+Extensions.swift */ = {isa = PBXFileReference; fileEncoding = 4; lastKnownFileType = sourcecode.swift; path = "SKColor+Extensions.swift"; sourceTree = "<group>"; };
		D9A6FBEA1EB14D4C0039A983 /* SKNode+Extensions.swift */ = {isa = PBXFileReference; fileEncoding = 4; lastKnownFileType = sourcecode.swift; path = "SKNode+Extensions.swift"; sourceTree = "<group>"; };
		D9A6FBEB1EB14D4C0039A983 /* SKTAudio.swift */ = {isa = PBXFileReference; fileEncoding = 4; lastKnownFileType = sourcecode.swift; path = SKTAudio.swift; sourceTree = "<group>"; };
		D9A6FBEC1EB14D4C0039A983 /* SKTEffects.swift */ = {isa = PBXFileReference; fileEncoding = 4; lastKnownFileType = sourcecode.swift; path = SKTEffects.swift; sourceTree = "<group>"; };
		D9A6FBED1EB14D4C0039A983 /* SKTTimingFunctions.swift */ = {isa = PBXFileReference; fileEncoding = 4; lastKnownFileType = sourcecode.swift; path = SKTTimingFunctions.swift; sourceTree = "<group>"; };
		D9A6FBEE1EB14D4C0039A983 /* Vector3.swift */ = {isa = PBXFileReference; fileEncoding = 4; lastKnownFileType = sourcecode.swift; path = Vector3.swift; sourceTree = "<group>"; };
		D9A6FBFB1EB15ADE0039A983 /* MainMenuState.swift */ = {isa = PBXFileReference; fileEncoding = 4; lastKnownFileType = sourcecode.swift; path = MainMenuState.swift; sourceTree = "<group>"; };
		D9A6FBFD1EB15AEF0039A983 /* TutorialState.swift */ = {isa = PBXFileReference; fileEncoding = 4; lastKnownFileType = sourcecode.swift; path = TutorialState.swift; sourceTree = "<group>"; };
		D9A6FBFF1EB3B4EA0039A983 /* AnimationComponent.swift */ = {isa = PBXFileReference; fileEncoding = 4; lastKnownFileType = sourcecode.swift; path = AnimationComponent.swift; sourceTree = "<group>"; };
		D9A6FC011EB797500039A983 /* StarComponent.swift */ = {isa = PBXFileReference; fileEncoding = 4; lastKnownFileType = sourcecode.swift; path = StarComponent.swift; sourceTree = "<group>"; };
		D9A6FC031EB7E4870039A983 /* epic.wav */ = {isa = PBXFileReference; lastKnownFileType = audio.wav; path = epic.wav; sourceTree = "<group>"; };
		D9A6FC051EB7F5C10039A983 /* StarEntity.swift */ = {isa = PBXFileReference; fileEncoding = 4; lastKnownFileType = sourcecode.swift; path = StarEntity.swift; sourceTree = "<group>"; };
		D9A6FC071EB820310039A983 /* MusicPlayerComponent.swift */ = {isa = PBXFileReference; fileEncoding = 4; lastKnownFileType = sourcecode.swift; path = MusicPlayerComponent.swift; sourceTree = "<group>"; };
/* End PBXFileReference section */

/* Begin PBXFrameworksBuildPhase section */
		D9A6FB521EAD4E430039A983 /* Frameworks */ = {
			isa = PBXFrameworksBuildPhase;
			buildActionMask = 2147483647;
			files = (
			);
			runOnlyForDeploymentPostprocessing = 0;
		};
/* End PBXFrameworksBuildPhase section */

/* Begin PBXGroup section */
		D9A6FB4C1EAD4E430039A983 = {
			isa = PBXGroup;
			children = (
				D9A6FB571EAD4E430039A983 /* JetPackHero */,
				D9A6FB561EAD4E430039A983 /* Products */,
			);
			sourceTree = "<group>";
		};
		D9A6FB561EAD4E430039A983 /* Products */ = {
			isa = PBXGroup;
			children = (
				D9A6FB551EAD4E430039A983 /* JetPackHero.app */,
			);
			name = Products;
			sourceTree = "<group>";
		};
		D9A6FB571EAD4E430039A983 /* JetPackHero */ = {
			isa = PBXGroup;
			children = (
				D9A6FBCE1EB14C770039A983 /* Resources */,
				D9A6FBC71EB137EF0039A983 /* GameStates */,
				D9A6FBBE1EAFF2A30039A983 /* Components */,
				D9A6FBBD1EAFF2990039A983 /* Entities */,
				D9A6FB581EAD4E430039A983 /* AppDelegate.swift */,
				D9A6FB5E1EAD4E430039A983 /* GameScene.swift */,
				D9A6FB601EAD4E430039A983 /* GameViewController.swift */,
				D9A6FB621EAD4E430039A983 /* Main.storyboard */,
				D9A6FB651EAD4E430039A983 /* Assets.xcassets */,
				D920812C1EBA9C85003833DC /* sprites.atlas */,
				D9A6FB671EAD4E430039A983 /* LaunchScreen.storyboard */,
				D9A6FB6A1EAD4E430039A983 /* Info.plist */,
			);
			path = JetPackHero;
			sourceTree = "<group>";
		};
		D9A6FBBD1EAFF2990039A983 /* Entities */ = {
			isa = PBXGroup;
			children = (
				D9A6FBBF1EAFF2C50039A983 /* PlayerEntity.swift */,
				D9A6FBC51EB054350039A983 /* ObstacleEntity.swift */,
				D9A6FC051EB7F5C10039A983 /* StarEntity.swift */,
			);
			name = Entities;
			sourceTree = "<group>";
		};
		D9A6FBBE1EAFF2A30039A983 /* Components */ = {
			isa = PBXGroup;
			children = (
				D9A6FBC11EAFF35B0039A983 /* SpriteComponent.swift */,
				D9A6FBC31EAFF7DF0039A983 /* MovementComponent.swift */,
				D9A6FBFF1EB3B4EA0039A983 /* AnimationComponent.swift */,
				D9A6FC011EB797500039A983 /* StarComponent.swift */,
				D9A6FC071EB820310039A983 /* MusicPlayerComponent.swift */,
			);
			name = Components;
			sourceTree = "<group>";
		};
		D9A6FBC71EB137EF0039A983 /* GameStates */ = {
			isa = PBXGroup;
			children = (
				D9A6FBC81EB1380F0039A983 /* PlayingState.swift */,
				D9A6FBCA1EB1381E0039A983 /* FallingState.swift */,
				D9A6FBCC1EB138510039A983 /* GaveOverState.swift */,
				D9A6FBFB1EB15ADE0039A983 /* MainMenuState.swift */,
				D9A6FBFD1EB15AEF0039A983 /* TutorialState.swift */,
			);
			name = GameStates;
			sourceTree = "<group>";
		};
		D9A6FBCE1EB14C770039A983 /* Resources */ = {
			isa = PBXGroup;
			children = (
				D9A6FBD11EB14C770039A983 /* Icons */,
				D9A6FBD21EB14C770039A983 /* SKTUtils */,
				D9A6FBD31EB14C770039A983 /* Sounds */,
			);
			path = Resources;
			sourceTree = "<group>";
		};
		D9A6FBD11EB14C770039A983 /* Icons */ = {
			isa = PBXGroup;
			children = (
			);
			path = Icons;
			sourceTree = "<group>";
		};
		D9A6FBD21EB14C770039A983 /* SKTUtils */ = {
			isa = PBXGroup;
			children = (
				D9A6FBE31EB14D4C0039A983 /* CGFloat+Extensions.swift */,
				D9A6FBE41EB14D4C0039A983 /* CGPoint+Extensions.swift */,
				D9A6FBE51EB14D4C0039A983 /* CGVector+Extensions.swift */,
				D9A6FBE61EB14D4C0039A983 /* Int+Extensions.swift */,
				D9A6FBE71EB14D4C0039A983 /* SKAction+Extensions.swift */,
				D9A6FBE81EB14D4C0039A983 /* SKAction+SpecialEffects.swift */,
				D9A6FBE91EB14D4C0039A983 /* SKColor+Extensions.swift */,
				D9A6FBEA1EB14D4C0039A983 /* SKNode+Extensions.swift */,
				D9A6FBEB1EB14D4C0039A983 /* SKTAudio.swift */,
				D9A6FBEC1EB14D4C0039A983 /* SKTEffects.swift */,
				D9A6FBED1EB14D4C0039A983 /* SKTTimingFunctions.swift */,
				D9A6FBEE1EB14D4C0039A983 /* Vector3.swift */,
			);
			path = SKTUtils;
			sourceTree = "<group>";
		};
		D9A6FBD31EB14C770039A983 /* Sounds */ = {
			isa = PBXGroup;
			children = (
				D9A6FBD41EB14C770039A983 /* coin.wav */,
				D9A6FBD51EB14C770039A983 /* ding.wav */,
				D920812E1EBBC16A003833DC /* ninja.wav */,
				D9A6FC031EB7E4870039A983 /* epic.wav */,
				D9A6FBD61EB14C770039A983 /* falling.wav */,
				D9A6FBD71EB14C770039A983 /* flapping.wav */,
				D9A6FBD81EB14C770039A983 /* hitGround.wav */,
				D9A6FBD91EB14C770039A983 /* pop.wav */,
				D9A6FBDA1EB14C770039A983 /* whack.wav */,
			);
			path = Sounds;
			sourceTree = "<group>";
		};
/* End PBXGroup section */

/* Begin PBXNativeTarget section */
		D9A6FB541EAD4E430039A983 /* JetPackHero */ = {
			isa = PBXNativeTarget;
			buildConfigurationList = D9A6FB6D1EAD4E430039A983 /* Build configuration list for PBXNativeTarget "JetPackHero" */;
			buildPhases = (
				D9A6FB511EAD4E430039A983 /* Sources */,
				D9A6FB521EAD4E430039A983 /* Frameworks */,
				D9A6FB531EAD4E430039A983 /* Resources */,
			);
			buildRules = (
			);
			dependencies = (
			);
			name = JetPackHero;
			productName = JetPackHero;
			productReference = D9A6FB551EAD4E430039A983 /* JetPackHero.app */;
			productType = "com.apple.product-type.application";
		};
/* End PBXNativeTarget section */

/* Begin PBXProject section */
		D9A6FB4D1EAD4E430039A983 /* Project object */ = {
			isa = PBXProject;
			attributes = {
				LastSwiftUpdateCheck = 0830;
				LastUpgradeCheck = 0830;
				ORGANIZATIONNAME = "David A. Schrijn";
				TargetAttributes = {
					D9A6FB541EAD4E430039A983 = {
						CreatedOnToolsVersion = 8.3;
						DevelopmentTeam = 37H7H24SZS;
						ProvisioningStyle = Automatic;
					};
				};
			};
			buildConfigurationList = D9A6FB501EAD4E430039A983 /* Build configuration list for PBXProject "JetPackHero" */;
			compatibilityVersion = "Xcode 3.2";
			developmentRegion = English;
			hasScannedForEncodings = 0;
			knownRegions = (
				en,
				Base,
			);
			mainGroup = D9A6FB4C1EAD4E430039A983;
			productRefGroup = D9A6FB561EAD4E430039A983 /* Products */;
			projectDirPath = "";
			projectRoot = "";
			targets = (
				D9A6FB541EAD4E430039A983 /* JetPackHero */,
			);
		};
/* End PBXProject section */

/* Begin PBXResourcesBuildPhase section */
		D9A6FB531EAD4E430039A983 /* Resources */ = {
			isa = PBXResourcesBuildPhase;
			buildActionMask = 2147483647;
			files = (
				D9A6FBE01EB14C770039A983 /* hitGround.wav in Resources */,
				D9A6FBDD1EB14C770039A983 /* ding.wav in Resources */,
				D9A6FBE11EB14C770039A983 /* pop.wav in Resources */,
				D9A6FBDF1EB14C770039A983 /* flapping.wav in Resources */,
				D9A6FBDE1EB14C770039A983 /* falling.wav in Resources */,
				D9A6FBDC1EB14C770039A983 /* coin.wav in Resources */,
				D9A6FBE21EB14C770039A983 /* whack.wav in Resources */,
				D9A6FB641EAD4E430039A983 /* Main.storyboard in Resources */,
				D9A6FB661EAD4E430039A983 /* Assets.xcassets in Resources */,
				D920812F1EBBC16A003833DC /* ninja.wav in Resources */,
				D9A6FC041EB7E4870039A983 /* epic.wav in Resources */,
				D920812D1EBA9C85003833DC /* sprites.atlas in Resources */,
				D9A6FB691EAD4E430039A983 /* LaunchScreen.storyboard in Resources */,
			);
			runOnlyForDeploymentPostprocessing = 0;
		};
/* End PBXResourcesBuildPhase section */

/* Begin PBXSourcesBuildPhase section */
		D9A6FB511EAD4E430039A983 /* Sources */ = {
			isa = PBXSourcesBuildPhase;
			buildActionMask = 2147483647;
			files = (
				D9A6FC061EB7F5C10039A983 /* StarEntity.swift in Sources */,
				D9A6FBFA1EB14D4C0039A983 /* Vector3.swift in Sources */,
				D9A6FBF41EB14D4C0039A983 /* SKAction+SpecialEffects.swift in Sources */,
				D9A6FBF81EB14D4C0039A983 /* SKTEffects.swift in Sources */,
				D9A6FBEF1EB14D4C0039A983 /* CGFloat+Extensions.swift in Sources */,
				D9A6FBFC1EB15ADE0039A983 /* MainMenuState.swift in Sources */,
				D9A6FB5F1EAD4E430039A983 /* GameScene.swift in Sources */,
				D9A6FC001EB3B4EA0039A983 /* AnimationComponent.swift in Sources */,
				D9A6FBC01EAFF2C50039A983 /* PlayerEntity.swift in Sources */,
				D9A6FB611EAD4E430039A983 /* GameViewController.swift in Sources */,
				D9A6FBC61EB054350039A983 /* ObstacleEntity.swift in Sources */,
				D9A6FBCB1EB1381E0039A983 /* FallingState.swift in Sources */,
				D9A6FBF31EB14D4C0039A983 /* SKAction+Extensions.swift in Sources */,
				D9A6FBC21EAFF35B0039A983 /* SpriteComponent.swift in Sources */,
				D9A6FC081EB820310039A983 /* MusicPlayerComponent.swift in Sources */,
				D9A6FBCD1EB138510039A983 /* GaveOverState.swift in Sources */,
				D9A6FBC41EAFF7DF0039A983 /* MovementComponent.swift in Sources */,
				D9A6FBF61EB14D4C0039A983 /* SKNode+Extensions.swift in Sources */,
				D9A6FBC91EB1380F0039A983 /* PlayingState.swift in Sources */,
				D9A6FBF01EB14D4C0039A983 /* CGPoint+Extensions.swift in Sources */,
				D9A6FBF21EB14D4C0039A983 /* Int+Extensions.swift in Sources */,
				D9A6FBF91EB14D4C0039A983 /* SKTTimingFunctions.swift in Sources */,
				D9A6FBFE1EB15AEF0039A983 /* TutorialState.swift in Sources */,
				D9A6FBF11EB14D4C0039A983 /* CGVector+Extensions.swift in Sources */,
				D9A6FBF51EB14D4C0039A983 /* SKColor+Extensions.swift in Sources */,
				D9A6FC021EB797500039A983 /* StarComponent.swift in Sources */,
				D9A6FBF71EB14D4C0039A983 /* SKTAudio.swift in Sources */,
				D9A6FB591EAD4E430039A983 /* AppDelegate.swift in Sources */,
			);
			runOnlyForDeploymentPostprocessing = 0;
		};
/* End PBXSourcesBuildPhase section */

/* Begin PBXVariantGroup section */
		D9A6FB621EAD4E430039A983 /* Main.storyboard */ = {
			isa = PBXVariantGroup;
			children = (
				D9A6FB631EAD4E430039A983 /* Base */,
			);
			name = Main.storyboard;
			sourceTree = "<group>";
		};
		D9A6FB671EAD4E430039A983 /* LaunchScreen.storyboard */ = {
			isa = PBXVariantGroup;
			children = (
				D9A6FB681EAD4E430039A983 /* Base */,
			);
			name = LaunchScreen.storyboard;
			sourceTree = "<group>";
		};
/* End PBXVariantGroup section */

/* Begin XCBuildConfiguration section */
		D9A6FB6B1EAD4E430039A983 /* Debug */ = {
			isa = XCBuildConfiguration;
			buildSettings = {
				ALWAYS_SEARCH_USER_PATHS = NO;
				CLANG_ANALYZER_NONNULL = YES;
				CLANG_ANALYZER_NUMBER_OBJECT_CONVERSION = YES_AGGRESSIVE;
				CLANG_CXX_LANGUAGE_STANDARD = "gnu++0x";
				CLANG_CXX_LIBRARY = "libc++";
				CLANG_ENABLE_MODULES = YES;
				CLANG_ENABLE_OBJC_ARC = YES;
				CLANG_WARN_BOOL_CONVERSION = YES;
				CLANG_WARN_CONSTANT_CONVERSION = YES;
				CLANG_WARN_DIRECT_OBJC_ISA_USAGE = YES_ERROR;
				CLANG_WARN_DOCUMENTATION_COMMENTS = YES;
				CLANG_WARN_EMPTY_BODY = YES;
				CLANG_WARN_ENUM_CONVERSION = YES;
				CLANG_WARN_INFINITE_RECURSION = YES;
				CLANG_WARN_INT_CONVERSION = YES;
				CLANG_WARN_OBJC_ROOT_CLASS = YES_ERROR;
				CLANG_WARN_SUSPICIOUS_MOVE = YES;
				CLANG_WARN_UNREACHABLE_CODE = YES;
				CLANG_WARN__DUPLICATE_METHOD_MATCH = YES;
				"CODE_SIGN_IDENTITY[sdk=iphoneos*]" = "iPhone Developer";
				COPY_PHASE_STRIP = NO;
				DEBUG_INFORMATION_FORMAT = dwarf;
				ENABLE_STRICT_OBJC_MSGSEND = YES;
				ENABLE_TESTABILITY = YES;
				GCC_C_LANGUAGE_STANDARD = gnu99;
				GCC_DYNAMIC_NO_PIC = NO;
				GCC_NO_COMMON_BLOCKS = YES;
				GCC_OPTIMIZATION_LEVEL = 0;
				GCC_PREPROCESSOR_DEFINITIONS = (
					"DEBUG=1",
					"$(inherited)",
				);
				GCC_WARN_64_TO_32_BIT_CONVERSION = YES;
				GCC_WARN_ABOUT_RETURN_TYPE = YES_ERROR;
				GCC_WARN_UNDECLARED_SELECTOR = YES;
				GCC_WARN_UNINITIALIZED_AUTOS = YES_AGGRESSIVE;
				GCC_WARN_UNUSED_FUNCTION = YES;
				GCC_WARN_UNUSED_VARIABLE = YES;
				IPHONEOS_DEPLOYMENT_TARGET = 10.3;
				MTL_ENABLE_DEBUG_INFO = YES;
				ONLY_ACTIVE_ARCH = YES;
				SDKROOT = iphoneos;
				SWIFT_ACTIVE_COMPILATION_CONDITIONS = DEBUG;
				SWIFT_OPTIMIZATION_LEVEL = "-Onone";
				TARGETED_DEVICE_FAMILY = "1,2";
			};
			name = Debug;
		};
		D9A6FB6C1EAD4E430039A983 /* Release */ = {
			isa = XCBuildConfiguration;
			buildSettings = {
				ALWAYS_SEARCH_USER_PATHS = NO;
				CLANG_ANALYZER_NONNULL = YES;
				CLANG_ANALYZER_NUMBER_OBJECT_CONVERSION = YES_AGGRESSIVE;
				CLANG_CXX_LANGUAGE_STANDARD = "gnu++0x";
				CLANG_CXX_LIBRARY = "libc++";
				CLANG_ENABLE_MODULES = YES;
				CLANG_ENABLE_OBJC_ARC = YES;
				CLANG_WARN_BOOL_CONVERSION = YES;
				CLANG_WARN_CONSTANT_CONVERSION = YES;
				CLANG_WARN_DIRECT_OBJC_ISA_USAGE = YES_ERROR;
				CLANG_WARN_DOCUMENTATION_COMMENTS = YES;
				CLANG_WARN_EMPTY_BODY = YES;
				CLANG_WARN_ENUM_CONVERSION = YES;
				CLANG_WARN_INFINITE_RECURSION = YES;
				CLANG_WARN_INT_CONVERSION = YES;
				CLANG_WARN_OBJC_ROOT_CLASS = YES_ERROR;
				CLANG_WARN_SUSPICIOUS_MOVE = YES;
				CLANG_WARN_UNREACHABLE_CODE = YES;
				CLANG_WARN__DUPLICATE_METHOD_MATCH = YES;
				"CODE_SIGN_IDENTITY[sdk=iphoneos*]" = "iPhone Developer";
				COPY_PHASE_STRIP = NO;
				DEBUG_INFORMATION_FORMAT = "dwarf-with-dsym";
				ENABLE_NS_ASSERTIONS = NO;
				ENABLE_STRICT_OBJC_MSGSEND = YES;
				GCC_C_LANGUAGE_STANDARD = gnu99;
				GCC_NO_COMMON_BLOCKS = YES;
				GCC_WARN_64_TO_32_BIT_CONVERSION = YES;
				GCC_WARN_ABOUT_RETURN_TYPE = YES_ERROR;
				GCC_WARN_UNDECLARED_SELECTOR = YES;
				GCC_WARN_UNINITIALIZED_AUTOS = YES_AGGRESSIVE;
				GCC_WARN_UNUSED_FUNCTION = YES;
				GCC_WARN_UNUSED_VARIABLE = YES;
				IPHONEOS_DEPLOYMENT_TARGET = 10.3;
				MTL_ENABLE_DEBUG_INFO = NO;
				SDKROOT = iphoneos;
				SWIFT_OPTIMIZATION_LEVEL = "-Owholemodule";
				TARGETED_DEVICE_FAMILY = "1,2";
				VALIDATE_PRODUCT = YES;
			};
			name = Release;
		};
		D9A6FB6E1EAD4E430039A983 /* Debug */ = {
			isa = XCBuildConfiguration;
			buildSettings = {
				ASSETCATALOG_COMPILER_APPICON_NAME = AppIcon;
				DEVELOPMENT_TEAM = 37H7H24SZS;
				INFOPLIST_FILE = JetPackHero/Info.plist;
				LD_RUNPATH_SEARCH_PATHS = "$(inherited) @executable_path/Frameworks";
				PRODUCT_BUNDLE_IDENTIFIER = io.JetPackHero;
				PRODUCT_NAME = "$(TARGET_NAME)";
				SWIFT_VERSION = 3.0;
			};
			name = Debug;
		};
		D9A6FB6F1EAD4E430039A983 /* Release */ = {
			isa = XCBuildConfiguration;
			buildSettings = {
				ASSETCATALOG_COMPILER_APPICON_NAME = AppIcon;
				DEVELOPMENT_TEAM = 37H7H24SZS;
				INFOPLIST_FILE = JetPackHero/Info.plist;
				LD_RUNPATH_SEARCH_PATHS = "$(inherited) @executable_path/Frameworks";
				PRODUCT_BUNDLE_IDENTIFIER = io.JetPackHero;
				PRODUCT_NAME = "$(TARGET_NAME)";
				SWIFT_VERSION = 3.0;
			};
			name = Release;
		};
/* End XCBuildConfiguration section */

/* Begin XCConfigurationList section */
		D9A6FB501EAD4E430039A983 /* Build configuration list for PBXProject "JetPackHero" */ = {
			isa = XCConfigurationList;
			buildConfigurations = (
				D9A6FB6B1EAD4E430039A983 /* Debug */,
				D9A6FB6C1EAD4E430039A983 /* Release */,
			);
			defaultConfigurationIsVisible = 0;
			defaultConfigurationName = Release;
		};
		D9A6FB6D1EAD4E430039A983 /* Build configuration list for PBXNativeTarget "JetPackHero" */ = {
			isa = XCConfigurationList;
			buildConfigurations = (
				D9A6FB6E1EAD4E430039A983 /* Debug */,
				D9A6FB6F1EAD4E430039A983 /* Release */,
			);
			defaultConfigurationIsVisible = 0;
			defaultConfigurationName = Release;
		};
/* End XCConfigurationList section */
	};
	rootObject = D9A6FB4D1EAD4E430039A983 /* Project object */;
}
