// !$*UTF8*$!
{
	archiveVersion = 1;
	classes = {
	};
	objectVersion = 46;
	objects = {

/* Begin PBXBuildFile section */
		D91A52F41F7085CD00D2D977 /* AppDelegate.swift in Sources */ = {isa = PBXBuildFile; fileRef = D91A52F31F7085CD00D2D977 /* AppDelegate.swift */; };
		D91A52F91F7085CD00D2D977 /* Main.storyboard in Resources */ = {isa = PBXBuildFile; fileRef = D91A52F71F7085CD00D2D977 /* Main.storyboard */; };
		D91A52FB1F7085CD00D2D977 /* Assets.xcassets in Resources */ = {isa = PBXBuildFile; fileRef = D91A52FA1F7085CD00D2D977 /* Assets.xcassets */; };
		D91A52FE1F7085CD00D2D977 /* LaunchScreen.storyboard in Resources */ = {isa = PBXBuildFile; fileRef = D91A52FC1F7085CD00D2D977 /* LaunchScreen.storyboard */; };
		D95F2A2C1F7190ED001F23B9 /* DrawingViewController.swift in Sources */ = {isa = PBXBuildFile; fileRef = D95F2A2B1F7190ED001F23B9 /* DrawingViewController.swift */; };
		D95F2A2E1F71C173001F23B9 /* SettingsViewController.swift in Sources */ = {isa = PBXBuildFile; fileRef = D95F2A2D1F71C173001F23B9 /* SettingsViewController.swift */; };
/* End PBXBuildFile section */

/* Begin PBXFileReference section */
		D91A52F01F7085CD00D2D977 /* worldOfColorApp.app */ = {isa = PBXFileReference; explicitFileType = wrapper.application; includeInIndex = 0; path = worldOfColorApp.app; sourceTree = BUILT_PRODUCTS_DIR; };
		D91A52F31F7085CD00D2D977 /* AppDelegate.swift */ = {isa = PBXFileReference; lastKnownFileType = sourcecode.swift; path = AppDelegate.swift; sourceTree = "<group>"; };
		D91A52F81F7085CD00D2D977 /* Base */ = {isa = PBXFileReference; lastKnownFileType = file.storyboard; name = Base; path = Base.lproj/Main.storyboard; sourceTree = "<group>"; };
		D91A52FA1F7085CD00D2D977 /* Assets.xcassets */ = {isa = PBXFileReference; lastKnownFileType = folder.assetcatalog; path = Assets.xcassets; sourceTree = "<group>"; };
		D91A52FD1F7085CD00D2D977 /* Base */ = {isa = PBXFileReference; lastKnownFileType = file.storyboard; name = Base; path = Base.lproj/LaunchScreen.storyboard; sourceTree = "<group>"; };
		D91A52FF1F7085CD00D2D977 /* Info.plist */ = {isa = PBXFileReference; lastKnownFileType = text.plist.xml; path = Info.plist; sourceTree = "<group>"; };
		D95F2A2B1F7190ED001F23B9 /* DrawingViewController.swift */ = {isa = PBXFileReference; fileEncoding = 4; lastKnownFileType = sourcecode.swift; path = DrawingViewController.swift; sourceTree = "<group>"; };
		D95F2A2D1F71C173001F23B9 /* SettingsViewController.swift */ = {isa = PBXFileReference; fileEncoding = 4; lastKnownFileType = sourcecode.swift; path = SettingsViewController.swift; sourceTree = "<group>"; };
/* End PBXFileReference section */

/* Begin PBXFrameworksBuildPhase section */
		D91A52ED1F7085CD00D2D977 /* Frameworks */ = {
			isa = PBXFrameworksBuildPhase;
			buildActionMask = 2147483647;
			files = (
			);
			runOnlyForDeploymentPostprocessing = 0;
		};
/* End PBXFrameworksBuildPhase section */

/* Begin PBXGroup section */
		D91A52E71F7085CD00D2D977 = {
			isa = PBXGroup;
			children = (
				D91A52F21F7085CD00D2D977 /* worldOfColorApp */,
				D91A52F11F7085CD00D2D977 /* Products */,
			);
			sourceTree = "<group>";
		};
		D91A52F11F7085CD00D2D977 /* Products */ = {
			isa = PBXGroup;
			children = (
				D91A52F01F7085CD00D2D977 /* worldOfColorApp.app */,
			);
			name = Products;
			sourceTree = "<group>";
		};
		D91A52F21F7085CD00D2D977 /* worldOfColorApp */ = {
			isa = PBXGroup;
			children = (
				D91A52F31F7085CD00D2D977 /* AppDelegate.swift */,
				D95F2A2D1F71C173001F23B9 /* SettingsViewController.swift */,
				D95F2A2B1F7190ED001F23B9 /* DrawingViewController.swift */,
				D91A52F71F7085CD00D2D977 /* Main.storyboard */,
				D91A52FA1F7085CD00D2D977 /* Assets.xcassets */,
				D91A52FC1F7085CD00D2D977 /* LaunchScreen.storyboard */,
				D91A52FF1F7085CD00D2D977 /* Info.plist */,
			);
			path = worldOfColorApp;
			sourceTree = "<group>";
		};
/* End PBXGroup section */

/* Begin PBXNativeTarget section */
		D91A52EF1F7085CD00D2D977 /* worldOfColorApp */ = {
			isa = PBXNativeTarget;
			buildConfigurationList = D91A53021F7085CD00D2D977 /* Build configuration list for PBXNativeTarget "worldOfColorApp" */;
			buildPhases = (
				D91A52EC1F7085CD00D2D977 /* Sources */,
				D91A52ED1F7085CD00D2D977 /* Frameworks */,
				D91A52EE1F7085CD00D2D977 /* Resources */,
			);
			buildRules = (
			);
			dependencies = (
			);
			name = worldOfColorApp;
			productName = worldOfColorApp;
			productReference = D91A52F01F7085CD00D2D977 /* worldOfColorApp.app */;
			productType = "com.apple.product-type.application";
		};
/* End PBXNativeTarget section */

/* Begin PBXProject section */
		D91A52E81F7085CD00D2D977 /* Project object */ = {
			isa = PBXProject;
			attributes = {
				LastSwiftUpdateCheck = 0830;
				LastUpgradeCheck = 0830;
				ORGANIZATIONNAME = "David A. Schrijn";
				TargetAttributes = {
					D91A52EF1F7085CD00D2D977 = {
						CreatedOnToolsVersion = 8.3.3;
						DevelopmentTeam = 2HEG3JXV9K;
						ProvisioningStyle = Automatic;
					};
				};
			};
			buildConfigurationList = D91A52EB1F7085CD00D2D977 /* Build configuration list for PBXProject "worldOfColorApp" */;
			compatibilityVersion = "Xcode 3.2";
			developmentRegion = English;
			hasScannedForEncodings = 0;
			knownRegions = (
				en,
				Base,
			);
			mainGroup = D91A52E71F7085CD00D2D977;
			productRefGroup = D91A52F11F7085CD00D2D977 /* Products */;
			projectDirPath = "";
			projectRoot = "";
			targets = (
				D91A52EF1F7085CD00D2D977 /* worldOfColorApp */,
			);
		};
/* End PBXProject section */

/* Begin PBXResourcesBuildPhase section */
		D91A52EE1F7085CD00D2D977 /* Resources */ = {
			isa = PBXResourcesBuildPhase;
			buildActionMask = 2147483647;
			files = (
				D91A52FE1F7085CD00D2D977 /* LaunchScreen.storyboard in Resources */,
				D91A52FB1F7085CD00D2D977 /* Assets.xcassets in Resources */,
				D91A52F91F7085CD00D2D977 /* Main.storyboard in Resources */,
			);
			runOnlyForDeploymentPostprocessing = 0;
		};
/* End PBXResourcesBuildPhase section */

/* Begin PBXSourcesBuildPhase section */
		D91A52EC1F7085CD00D2D977 /* Sources */ = {
			isa = PBXSourcesBuildPhase;
			buildActionMask = 2147483647;
			files = (
				D95F2A2C1F7190ED001F23B9 /* DrawingViewController.swift in Sources */,
				D91A52F41F7085CD00D2D977 /* AppDelegate.swift in Sources */,
				D95F2A2E1F71C173001F23B9 /* SettingsViewController.swift in Sources */,
			);
			runOnlyForDeploymentPostprocessing = 0;
		};
/* End PBXSourcesBuildPhase section */

/* Begin PBXVariantGroup section */
		D91A52F71F7085CD00D2D977 /* Main.storyboard */ = {
			isa = PBXVariantGroup;
			children = (
				D91A52F81F7085CD00D2D977 /* Base */,
			);
			name = Main.storyboard;
			sourceTree = "<group>";
		};
		D91A52FC1F7085CD00D2D977 /* LaunchScreen.storyboard */ = {
			isa = PBXVariantGroup;
			children = (
				D91A52FD1F7085CD00D2D977 /* Base */,
			);
			name = LaunchScreen.storyboard;
			sourceTree = "<group>";
		};
/* End PBXVariantGroup section */

/* Begin XCBuildConfiguration section */
		D91A53001F7085CD00D2D977 /* Debug */ = {
			isa = XCBuildConfiguration;
			buildSettings = {
				ALWAYS_SEARCH_USER_PATHS = NO;
				CLANG_ANALYZER_NONNULL = YES;
				CLANG_ANALYZER_NUMBER_OBJECT_CONVERSION = YES_AGGRESSIVE;
				CLANG_CXX_LANGUAGE_STANDARD = "gnu++0x";
				CLANG_CXX_LIBRARY = "libc++";
				CLANG_ENABLE_MODULES = YES;
				CLANG_ENABLE_OBJC_ARC = YES;
				CLANG_WARN_BOOL_CONVERSION = YES;
				CLANG_WARN_CONSTANT_CONVERSION = YES;
				CLANG_WARN_DIRECT_OBJC_ISA_USAGE = YES_ERROR;
				CLANG_WARN_DOCUMENTATION_COMMENTS = YES;
				CLANG_WARN_EMPTY_BODY = YES;
				CLANG_WARN_ENUM_CONVERSION = YES;
				CLANG_WARN_INFINITE_RECURSION = YES;
				CLANG_WARN_INT_CONVERSION = YES;
				CLANG_WARN_OBJC_ROOT_CLASS = YES_ERROR;
				CLANG_WARN_SUSPICIOUS_MOVE = YES;
				CLANG_WARN_UNREACHABLE_CODE = YES;
				CLANG_WARN__DUPLICATE_METHOD_MATCH = YES;
				"CODE_SIGN_IDENTITY[sdk=iphoneos*]" = "iPhone Developer";
				COPY_PHASE_STRIP = NO;
				DEBUG_INFORMATION_FORMAT = dwarf;
				ENABLE_STRICT_OBJC_MSGSEND = YES;
				ENABLE_TESTABILITY = YES;
				GCC_C_LANGUAGE_STANDARD = gnu99;
				GCC_DYNAMIC_NO_PIC = NO;
				GCC_NO_COMMON_BLOCKS = YES;
				GCC_OPTIMIZATION_LEVEL = 0;
				GCC_PREPROCESSOR_DEFINITIONS = (
					"DEBUG=1",
					"$(inherited)",
				);
				GCC_WARN_64_TO_32_BIT_CONVERSION = YES;
				GCC_WARN_ABOUT_RETURN_TYPE = YES_ERROR;
				GCC_WARN_UNDECLARED_SELECTOR = YES;
				GCC_WARN_UNINITIALIZED_AUTOS = YES_AGGRESSIVE;
				GCC_WARN_UNUSED_FUNCTION = YES;
				GCC_WARN_UNUSED_VARIABLE = YES;
				IPHONEOS_DEPLOYMENT_TARGET = 10.3;
				MTL_ENABLE_DEBUG_INFO = YES;
				ONLY_ACTIVE_ARCH = YES;
				SDKROOT = iphoneos;
				SWIFT_ACTIVE_COMPILATION_CONDITIONS = DEBUG;
				SWIFT_OPTIMIZATION_LEVEL = "-Onone";
				TARGETED_DEVICE_FAMILY = "1,2";
			};
			name = Debug;
		};
		D91A53011F7085CD00D2D977 /* Release */ = {
			isa = XCBuildConfiguration;
			buildSettings = {
				ALWAYS_SEARCH_USER_PATHS = NO;
				CLANG_ANALYZER_NONNULL = YES;
				CLANG_ANALYZER_NUMBER_OBJECT_CONVERSION = YES_AGGRESSIVE;
				CLANG_CXX_LANGUAGE_STANDARD = "gnu++0x";
				CLANG_CXX_LIBRARY = "libc++";
				CLANG_ENABLE_MODULES = YES;
				CLANG_ENABLE_OBJC_ARC = YES;
				CLANG_WARN_BOOL_CONVERSION = YES;
				CLANG_WARN_CONSTANT_CONVERSION = YES;
				CLANG_WARN_DIRECT_OBJC_ISA_USAGE = YES_ERROR;
				CLANG_WARN_DOCUMENTATION_COMMENTS = YES;
				CLANG_WARN_EMPTY_BODY = YES;
				CLANG_WARN_ENUM_CONVERSION = YES;
				CLANG_WARN_INFINITE_RECURSION = YES;
				CLANG_WARN_INT_CONVERSION = YES;
				CLANG_WARN_OBJC_ROOT_CLASS = YES_ERROR;
				CLANG_WARN_SUSPICIOUS_MOVE = YES;
				CLANG_WARN_UNREACHABLE_CODE = YES;
				CLANG_WARN__DUPLICATE_METHOD_MATCH = YES;
				"CODE_SIGN_IDENTITY[sdk=iphoneos*]" = "iPhone Developer";
				COPY_PHASE_STRIP = NO;
				DEBUG_INFORMATION_FORMAT = "dwarf-with-dsym";
				ENABLE_NS_ASSERTIONS = NO;
				ENABLE_STRICT_OBJC_MSGSEND = YES;
				GCC_C_LANGUAGE_STANDARD = gnu99;
				GCC_NO_COMMON_BLOCKS = YES;
				GCC_WARN_64_TO_32_BIT_CONVERSION = YES;
				GCC_WARN_ABOUT_RETURN_TYPE = YES_ERROR;
				GCC_WARN_UNDECLARED_SELECTOR = YES;
				GCC_WARN_UNINITIALIZED_AUTOS = YES_AGGRESSIVE;
				GCC_WARN_UNUSED_FUNCTION = YES;
				GCC_WARN_UNUSED_VARIABLE = YES;
				IPHONEOS_DEPLOYMENT_TARGET = 10.3;
				MTL_ENABLE_DEBUG_INFO = NO;
				SDKROOT = iphoneos;
				SWIFT_OPTIMIZATION_LEVEL = "-Owholemodule";
				TARGETED_DEVICE_FAMILY = "1,2";
				VALIDATE_PRODUCT = YES;
			};
			name = Release;
		};
		D91A53031F7085CD00D2D977 /* Debug */ = {
			isa = XCBuildConfiguration;
			buildSettings = {
				ASSETCATALOG_COMPILER_APPICON_NAME = AppIcon;
				DEVELOPMENT_TEAM = 2HEG3JXV9K;
				INFOPLIST_FILE = worldOfColorApp/Info.plist;
				LD_RUNPATH_SEARCH_PATHS = "$(inherited) @executable_path/Frameworks";
				PRODUCT_BUNDLE_IDENTIFIER = com.worldOfColorApp;
				PRODUCT_NAME = "$(TARGET_NAME)";
				SWIFT_VERSION = 3.0;
			};
			name = Debug;
		};
		D91A53041F7085CD00D2D977 /* Release */ = {
			isa = XCBuildConfiguration;
			buildSettings = {
				ASSETCATALOG_COMPILER_APPICON_NAME = AppIcon;
				DEVELOPMENT_TEAM = 2HEG3JXV9K;
				INFOPLIST_FILE = worldOfColorApp/Info.plist;
				LD_RUNPATH_SEARCH_PATHS = "$(inherited) @executable_path/Frameworks";
				PRODUCT_BUNDLE_IDENTIFIER = com.worldOfColorApp;
				PRODUCT_NAME = "$(TARGET_NAME)";
				SWIFT_VERSION = 3.0;
			};
			name = Release;
		};
/* End XCBuildConfiguration section */

/* Begin XCConfigurationList section */
		D91A52EB1F7085CD00D2D977 /* Build configuration list for PBXProject "worldOfColorApp" */ = {
			isa = XCConfigurationList;
			buildConfigurations = (
				D91A53001F7085CD00D2D977 /* Debug */,
				D91A53011F7085CD00D2D977 /* Release */,
			);
			defaultConfigurationIsVisible = 0;
			defaultConfigurationName = Release;
		};
		D91A53021F7085CD00D2D977 /* Build configuration list for PBXNativeTarget "worldOfColorApp" */ = {
			isa = XCConfigurationList;
			buildConfigurations = (
				D91A53031F7085CD00D2D977 /* Debug */,
				D91A53041F7085CD00D2D977 /* Release */,
			);
			defaultConfigurationIsVisible = 0;
			defaultConfigurationName = Release;
		};
/* End XCConfigurationList section */
	};
	rootObject = D91A52E81F7085CD00D2D977 /* Project object */;
}
